
Microsoft Visual Studio Solution File, Format Version 12.00
# Visual Studio Version 17
VisualStudioVersion = 17.3.32922.545
MinimumVisualStudioVersion = 10.0.40219.1
Project("{FAE04EC0-301F-11D3-BF4B-00C04F79EFBC}") = "CSharp_QuanLiBanSanGo", "CSharp_QuanLiBanSanGo\CSharp_QuanLiBanSanGo.csproj", "{AC1E4298-E15C-4FED-9D18-AEB3DBD8932F}"
EndProject
Global
	GlobalSection(SolutionConfigurationPlatforms) = preSolution
		Debug|Any CPU = Debug|Any CPU
		Release|Any CPU = Release|Any CPU
	EndGlobalSection
	GlobalSection(ProjectConfigurationPlatforms) = postSolution
		{AC1E4298-E15C-4FED-9D18-AEB3DBD8932F}.Debug|Any CPU.ActiveCfg = Debug|Any CPU
		{AC1E4298-E15C-4FED-9D18-AEB3DBD8932F}.Debug|Any CPU.Build.0 = Debug|Any CPU
		{AC1E4298-E15C-4FED-9D18-AEB3DBD8932F}.Release|Any CPU.ActiveCfg = Release|Any CPU
		{AC1E4298-E15C-4FED-9D18-AEB3DBD8932F}.Release|Any CPU.Build.0 = Release|Any CPU
	EndGlobalSection
	GlobalSection(SolutionProperties) = preSolution
		HideSolutionNode = FALSE
	EndGlobalSection
	GlobalSection(ExtensibilityGlobals) = postSolution
		SolutionGuid = {9BE76FD0-ED15-464E-8FDB-03C468803065}
	EndGlobalSection
EndGlobal
